
Microsoft Visual Studio Solution File, Format Version 12.00
Project("{FAE04EC0-301F-11D3-BF4B-00C04F79EFBC}") = "Chat", "Chat\Chat.csproj", "{FEC6601D-CAAD-421D-ACF9-64EF28AF7256}"
EndProject
Project("{FAE04EC0-301F-11D3-BF4B-00C04F79EFBC}") = "Chat2", "Chat2\Chat2.csproj", "{9E80326C-DB9B-4DD4-8F94-B5ED70F11037}"
EndProject
Global
	GlobalSection(SolutionConfigurationPlatforms) = preSolution
		Debug|Any CPU = Debug|Any CPU
		Release|Any CPU = Release|Any CPU
	EndGlobalSection
	GlobalSection(ProjectConfigurationPlatforms) = postSolution
		{FEC6601D-CAAD-421D-ACF9-64EF28AF7256}.Debug|Any CPU.ActiveCfg = Debug|Any CPU
		{FEC6601D-CAAD-421D-ACF9-64EF28AF7256}.Debug|Any CPU.Build.0 = Debug|Any CPU
		{FEC6601D-CAAD-421D-ACF9-64EF28AF7256}.Release|Any CPU.ActiveCfg = Release|Any CPU
		{FEC6601D-CAAD-421D-ACF9-64EF28AF7256}.Release|Any CPU.Build.0 = Release|Any CPU
		{9E80326C-DB9B-4DD4-8F94-B5ED70F11037}.Debug|Any CPU.ActiveCfg = Debug|Any CPU
		{9E80326C-DB9B-4DD4-8F94-B5ED70F11037}.Debug|Any CPU.Build.0 = Debug|Any CPU
		{9E80326C-DB9B-4DD4-8F94-B5ED70F11037}.Release|Any CPU.ActiveCfg = Release|Any CPU
		{9E80326C-DB9B-4DD4-8F94-B5ED70F11037}.Release|Any CPU.Build.0 = Release|Any CPU
	EndGlobalSection
EndGlobal
